{
  "lockfileVersion": 1,
  "dependencies": {
    "jquery": {
      "version": "3.4.1",
      "resolved": "https://registry.npmjs.org/jquery/-/jquery-3.4.1.tgz",
      "integrity": "sha512-36+AdBzCL+y6qjw5Tx7HgzeGCzC81MDDgaUP8ld2zhx58HdqXGoBd+tHdrBMiyjGQs0Hxs/MLZTu/eHNJJuWPw=="
    },
    "jstree": {
      "version": "3.3.8",
      "resolved": "https://registry.npmjs.org/jstree/-/jstree-3.3.8.tgz",
      "integrity": "sha512-0/nhGxVLSGfGQyVg+q59ocqSEKWRDKHoA8wNrcOIvlzCCw19tzvcMNGJ19hf+U0b7fycABowkny7fQPcLgUwwA=="
    }
  }
}
